
Microsoft Visual Studio Solution File, Format Version 12.00
# Visual Studio Version 17
VisualStudioVersion = 17.13.35806.99
MinimumVisualStudioVersion = 10.0.40219.1
Project("{9A19103F-16F7-4668-BE54-9A1E7A4F7556}") = "Tajan.ProductService.API", "Tajan.ProductService.API\Tajan.ProductService.API.csproj", "{2F61AC83-2FD1-4E1A-A3C5-3CDF0595818B}"
EndProject
Project("{2150E333-8FDC-42A3-9474-1A3956D46DE8}") = "src", "src", "{02EA681E-C7D8-13C7-8484-4AC65E1B71E8}"
EndProject
Project("{2150E333-8FDC-42A3-9474-1A3956D46DE8}") = "ProductService", "ProductService", "{B9B6041B-FC49-4DBB-A265-1876CD5990BD}"
EndProject
Project("{2150E333-8FDC-42A3-9474-1A3956D46DE8}") = "OrderService", "OrderService", "{8FBBB073-A0B7-4DF4-AF3D-66CD7DBC8200}"
EndProject
Project("{9A19103F-16F7-4668-BE54-9A1E7A4F7556}") = "Tajan.OrderService.API", "Tajan.OrderService.API\Tajan.OrderService.API.csproj", "{96CEA872-2148-40AC-928E-D44BA9746236}"
EndProject
Project("{9A19103F-16F7-4668-BE54-9A1E7A4F7556}") = "Tajan.ProductServcie.Domain", "Tajan.ProductServcie.Domain\Tajan.ProductServcie.Domain.csproj", "{CF5A1D5C-593E-4C80-80AB-4FB76551AD5D}"
EndProject
Project("{9A19103F-16F7-4668-BE54-9A1E7A4F7556}") = "Tajan.ProductService.Application", "Tajan.ProductService.Application\Tajan.ProductService.Application.csproj", "{47B70DAF-C5DF-4881-955E-CE5211BCFC65}"
EndProject
Project("{9A19103F-16F7-4668-BE54-9A1E7A4F7556}") = "Tajan.ProductService.Infrastructure", "Tajan.ProductService.Infrastructure\Tajan.ProductService.Infrastructure.csproj", "{9A207C76-050E-4FC8-B45E-52F389FAE296}"
EndProject
Project("{2150E333-8FDC-42A3-9474-1A3956D46DE8}") = "Core", "Core", "{F09623BF-96FD-4D75-BFD1-24AC82A94FB4}"
EndProject
Project("{2150E333-8FDC-42A3-9474-1A3956D46DE8}") = "Standard", "Standard", "{3C214944-FBB5-4888-B693-DC531C0DB9FB}"
EndProject
Project("{9A19103F-16F7-4668-BE54-9A1E7A4F7556}") = "Tajan.Standard.Application", "Tajan.Standard.Application\Tajan.Standard.Application.csproj", "{80AD1F62-F474-49C9-A7B0-CF081DFE0D43}"
EndProject
Project("{9A19103F-16F7-4668-BE54-9A1E7A4F7556}") = "Tajan.Standard.Presentation", "Tajan.Standard.Presentation\Tajan.Standard.Presentation.csproj", "{27BDC01A-0219-4D01-88F4-D4CB7A875B66}"
EndProject
Project("{9A19103F-16F7-4668-BE54-9A1E7A4F7556}") = "Tajan.Standard.Infrastructure", "Tajan.Standard.Infrastructure\Tajan.Standard.Infrastructure.csproj", "{494F0A5A-A302-48EE-B6B0-0C7969838B91}"
EndProject
Project("{9A19103F-16F7-4668-BE54-9A1E7A4F7556}") = "Tajan.Standard.Domain", "Tajan.Standard.Domain\Tajan.Standard.Domain.csproj", "{A4458FCC-A0E3-44A6-8260-72329CD891C2}"
EndProject
Project("{2150E333-8FDC-42A3-9474-1A3956D46DE8}") = "Notification", "Notification", "{9821C5AB-8CDE-4E91-8BCE-68E92704FD4C}"
EndProject
Project("{FAE04EC0-301F-11D3-BF4B-00C04F79EFBC}") = "Tajan.Notification.API", "Tajan.Notification.API\Tajan.Notification.API.csproj", "{AF850368-67EE-472E-B2F0-CB99C0FE8095}"
EndProject
Project("{2150E333-8FDC-42A3-9474-1A3956D46DE8}") = "Captcha", "Captcha", "{1206730A-D24D-412E-A5BC-627F8493B2D6}"
EndProject
Project("{2150E333-8FDC-42A3-9474-1A3956D46DE8}") = "Core", "Core", "{533E9901-93EA-4583-B599-1919BB9DE471}"
EndProject
Project("{FAE04EC0-301F-11D3-BF4B-00C04F79EFBC}") = "Tajan.OrderService.Domain", "Tajan.OrderService.Domain\Tajan.OrderService.Domain.csproj", "{423C6C43-C341-4BD9-ACDE-E36421266A53}"
EndProject
Project("{FAE04EC0-301F-11D3-BF4B-00C04F79EFBC}") = "Tajan.OrderService.Application", "Tajan.OrderService.Application\Tajan.OrderService.Application.csproj", "{19B9C665-FBE8-4A65-B59C-55216CEFC882}"
EndProject
Project("{FAE04EC0-301F-11D3-BF4B-00C04F79EFBC}") = "Tajan.OrderService.Infrastructure", "Tajan.OrderService.Infrastructure\Tajan.OrderService.Infrastructure.csproj", "{8C4FF015-8F2D-4F92-A4F2-33920AE3B850}"
EndProject
Project("{FAE04EC0-301F-11D3-BF4B-00C04F79EFBC}") = "Tajan.Captcha.API", "Tajan.Captcha.API\Tajan.Captcha.API.csproj", "{552C5B35-B196-40CA-986F-E8CD856A0D75}"
EndProject
Project("{2150E333-8FDC-42A3-9474-1A3956D46DE8}") = "Gateway", "Gateway", "{CF51D1C7-D69A-465C-A094-733985B0FD82}"
EndProject
Project("{FAE04EC0-301F-11D3-BF4B-00C04F79EFBC}") = "Tajan.ApiGateway", "Tajan.ApiGateway\Tajan.ApiGateway.csproj", "{D5618BD0-CEDE-46AC-9B76-C7E515E63A18}"
EndProject
Project("{2150E333-8FDC-42A3-9474-1A3956D46DE8}") = "Identity", "Identity", "{D65D52DE-7AF7-4D2D-829F-DA4CF96D5896}"
EndProject
Project("{2150E333-8FDC-42A3-9474-1A3956D46DE8}") = "Ticketing", "Ticketing", "{1A08D5D0-7478-4E15-8B45-7892193CE75B}"
EndProject
Project("{2150E333-8FDC-42A3-9474-1A3956D46DE8}") = "Solution Items", "Solution Items", "{97A42349-2A06-4F81-8464-E789A2E8358D}"
	ProjectSection(SolutionItems) = preProject
		Directory.Packages.props = Directory.Packages.props
		docker-compose.yml = docker-compose.yml
		Info.txt = Info.txt
	EndProjectSection
EndProject
Project("{FAE04EC0-301F-11D3-BF4B-00C04F79EFBC}") = "Tajan.Identity.API", "Tajan.Identity.API\Tajan.Identity.API.csproj", "{362945F5-778B-452E-98D9-6AE611081F74}"
EndProject
Project("{FAE04EC0-301F-11D3-BF4B-00C04F79EFBC}") = "Tajan.Identity.Application", "Tajan.Identity.Application\Tajan.Identity.Application.csproj", "{5934F713-6EE0-4033-9C1E-4980162F24CA}"
EndProject
Project("{FAE04EC0-301F-11D3-BF4B-00C04F79EFBC}") = "Tajan.Identity.Infrastructure", "Tajan.Identity.Infrastructure\Tajan.Identity.Infrastructure.csproj", "{072A5544-1FCE-4DBC-BCB5-D3AB55B6F6A2}"
EndProject
Global
	GlobalSection(SolutionConfigurationPlatforms) = preSolution
		Debug|Any CPU = Debug|Any CPU
		Release|Any CPU = Release|Any CPU
	EndGlobalSection
	GlobalSection(ProjectConfigurationPlatforms) = postSolution
		{2F61AC83-2FD1-4E1A-A3C5-3CDF0595818B}.Debug|Any CPU.ActiveCfg = Debug|Any CPU
		{2F61AC83-2FD1-4E1A-A3C5-3CDF0595818B}.Debug|Any CPU.Build.0 = Debug|Any CPU
		{2F61AC83-2FD1-4E1A-A3C5-3CDF0595818B}.Release|Any CPU.ActiveCfg = Release|Any CPU
		{2F61AC83-2FD1-4E1A-A3C5-3CDF0595818B}.Release|Any CPU.Build.0 = Release|Any CPU
		{96CEA872-2148-40AC-928E-D44BA9746236}.Debug|Any CPU.ActiveCfg = Debug|Any CPU
		{96CEA872-2148-40AC-928E-D44BA9746236}.Debug|Any CPU.Build.0 = Debug|Any CPU
		{96CEA872-2148-40AC-928E-D44BA9746236}.Release|Any CPU.ActiveCfg = Release|Any CPU
		{96CEA872-2148-40AC-928E-D44BA9746236}.Release|Any CPU.Build.0 = Release|Any CPU
		{CF5A1D5C-593E-4C80-80AB-4FB76551AD5D}.Debug|Any CPU.ActiveCfg = Debug|Any CPU
		{CF5A1D5C-593E-4C80-80AB-4FB76551AD5D}.Debug|Any CPU.Build.0 = Debug|Any CPU
		{CF5A1D5C-593E-4C80-80AB-4FB76551AD5D}.Release|Any CPU.ActiveCfg = Release|Any CPU
		{CF5A1D5C-593E-4C80-80AB-4FB76551AD5D}.Release|Any CPU.Build.0 = Release|Any CPU
		{47B70DAF-C5DF-4881-955E-CE5211BCFC65}.Debug|Any CPU.ActiveCfg = Debug|Any CPU
		{47B70DAF-C5DF-4881-955E-CE5211BCFC65}.Debug|Any CPU.Build.0 = Debug|Any CPU
		{47B70DAF-C5DF-4881-955E-CE5211BCFC65}.Release|Any CPU.ActiveCfg = Release|Any CPU
		{47B70DAF-C5DF-4881-955E-CE5211BCFC65}.Release|Any CPU.Build.0 = Release|Any CPU
		{9A207C76-050E-4FC8-B45E-52F389FAE296}.Debug|Any CPU.ActiveCfg = Debug|Any CPU
		{9A207C76-050E-4FC8-B45E-52F389FAE296}.Debug|Any CPU.Build.0 = Debug|Any CPU
		{9A207C76-050E-4FC8-B45E-52F389FAE296}.Release|Any CPU.ActiveCfg = Release|Any CPU
		{9A207C76-050E-4FC8-B45E-52F389FAE296}.Release|Any CPU.Build.0 = Release|Any CPU
		{80AD1F62-F474-49C9-A7B0-CF081DFE0D43}.Debug|Any CPU.ActiveCfg = Debug|Any CPU
		{80AD1F62-F474-49C9-A7B0-CF081DFE0D43}.Debug|Any CPU.Build.0 = Debug|Any CPU
		{80AD1F62-F474-49C9-A7B0-CF081DFE0D43}.Release|Any CPU.ActiveCfg = Release|Any CPU
		{80AD1F62-F474-49C9-A7B0-CF081DFE0D43}.Release|Any CPU.Build.0 = Release|Any CPU
		{27BDC01A-0219-4D01-88F4-D4CB7A875B66}.Debug|Any CPU.ActiveCfg = Debug|Any CPU
		{27BDC01A-0219-4D01-88F4-D4CB7A875B66}.Debug|Any CPU.Build.0 = Debug|Any CPU
		{27BDC01A-0219-4D01-88F4-D4CB7A875B66}.Release|Any CPU.ActiveCfg = Release|Any CPU
		{27BDC01A-0219-4D01-88F4-D4CB7A875B66}.Release|Any CPU.Build.0 = Release|Any CPU
		{494F0A5A-A302-48EE-B6B0-0C7969838B91}.Debug|Any CPU.ActiveCfg = Debug|Any CPU
		{494F0A5A-A302-48EE-B6B0-0C7969838B91}.Debug|Any CPU.Build.0 = Debug|Any CPU
		{494F0A5A-A302-48EE-B6B0-0C7969838B91}.Release|Any CPU.ActiveCfg = Release|Any CPU
		{494F0A5A-A302-48EE-B6B0-0C7969838B91}.Release|Any CPU.Build.0 = Release|Any CPU
		{A4458FCC-A0E3-44A6-8260-72329CD891C2}.Debug|Any CPU.ActiveCfg = Debug|Any CPU
		{A4458FCC-A0E3-44A6-8260-72329CD891C2}.Debug|Any CPU.Build.0 = Debug|Any CPU
		{A4458FCC-A0E3-44A6-8260-72329CD891C2}.Release|Any CPU.ActiveCfg = Release|Any CPU
		{A4458FCC-A0E3-44A6-8260-72329CD891C2}.Release|Any CPU.Build.0 = Release|Any CPU
		{AF850368-67EE-472E-B2F0-CB99C0FE8095}.Debug|Any CPU.ActiveCfg = Debug|Any CPU
		{AF850368-67EE-472E-B2F0-CB99C0FE8095}.Debug|Any CPU.Build.0 = Debug|Any CPU
		{AF850368-67EE-472E-B2F0-CB99C0FE8095}.Release|Any CPU.ActiveCfg = Release|Any CPU
		{AF850368-67EE-472E-B2F0-CB99C0FE8095}.Release|Any CPU.Build.0 = Release|Any CPU
		{423C6C43-C341-4BD9-ACDE-E36421266A53}.Debug|Any CPU.ActiveCfg = Debug|Any CPU
		{423C6C43-C341-4BD9-ACDE-E36421266A53}.Debug|Any CPU.Build.0 = Debug|Any CPU
		{423C6C43-C341-4BD9-ACDE-E36421266A53}.Release|Any CPU.ActiveCfg = Release|Any CPU
		{423C6C43-C341-4BD9-ACDE-E36421266A53}.Release|Any CPU.Build.0 = Release|Any CPU
		{19B9C665-FBE8-4A65-B59C-55216CEFC882}.Debug|Any CPU.ActiveCfg = Debug|Any CPU
		{19B9C665-FBE8-4A65-B59C-55216CEFC882}.Debug|Any CPU.Build.0 = Debug|Any CPU
		{19B9C665-FBE8-4A65-B59C-55216CEFC882}.Release|Any CPU.ActiveCfg = Release|Any CPU
		{19B9C665-FBE8-4A65-B59C-55216CEFC882}.Release|Any CPU.Build.0 = Release|Any CPU
		{8C4FF015-8F2D-4F92-A4F2-33920AE3B850}.Debug|Any CPU.ActiveCfg = Debug|Any CPU
		{8C4FF015-8F2D-4F92-A4F2-33920AE3B850}.Debug|Any CPU.Build.0 = Debug|Any CPU
		{8C4FF015-8F2D-4F92-A4F2-33920AE3B850}.Release|Any CPU.ActiveCfg = Release|Any CPU
		{8C4FF015-8F2D-4F92-A4F2-33920AE3B850}.Release|Any CPU.Build.0 = Release|Any CPU
		{552C5B35-B196-40CA-986F-E8CD856A0D75}.Debug|Any CPU.ActiveCfg = Debug|Any CPU
		{552C5B35-B196-40CA-986F-E8CD856A0D75}.Debug|Any CPU.Build.0 = Debug|Any CPU
		{552C5B35-B196-40CA-986F-E8CD856A0D75}.Release|Any CPU.ActiveCfg = Release|Any CPU
		{552C5B35-B196-40CA-986F-E8CD856A0D75}.Release|Any CPU.Build.0 = Release|Any CPU
		{D5618BD0-CEDE-46AC-9B76-C7E515E63A18}.Debug|Any CPU.ActiveCfg = Debug|Any CPU
		{D5618BD0-CEDE-46AC-9B76-C7E515E63A18}.Debug|Any CPU.Build.0 = Debug|Any CPU
		{D5618BD0-CEDE-46AC-9B76-C7E515E63A18}.Release|Any CPU.ActiveCfg = Release|Any CPU
		{D5618BD0-CEDE-46AC-9B76-C7E515E63A18}.Release|Any CPU.Build.0 = Release|Any CPU
		{362945F5-778B-452E-98D9-6AE611081F74}.Debug|Any CPU.ActiveCfg = Debug|Any CPU
		{362945F5-778B-452E-98D9-6AE611081F74}.Debug|Any CPU.Build.0 = Debug|Any CPU
		{362945F5-778B-452E-98D9-6AE611081F74}.Release|Any CPU.ActiveCfg = Release|Any CPU
		{362945F5-778B-452E-98D9-6AE611081F74}.Release|Any CPU.Build.0 = Release|Any CPU
		{5934F713-6EE0-4033-9C1E-4980162F24CA}.Debug|Any CPU.ActiveCfg = Debug|Any CPU
		{5934F713-6EE0-4033-9C1E-4980162F24CA}.Debug|Any CPU.Build.0 = Debug|Any CPU
		{5934F713-6EE0-4033-9C1E-4980162F24CA}.Release|Any CPU.ActiveCfg = Release|Any CPU
		{5934F713-6EE0-4033-9C1E-4980162F24CA}.Release|Any CPU.Build.0 = Release|Any CPU
		{072A5544-1FCE-4DBC-BCB5-D3AB55B6F6A2}.Debug|Any CPU.ActiveCfg = Debug|Any CPU
		{072A5544-1FCE-4DBC-BCB5-D3AB55B6F6A2}.Debug|Any CPU.Build.0 = Debug|Any CPU
		{072A5544-1FCE-4DBC-BCB5-D3AB55B6F6A2}.Release|Any CPU.ActiveCfg = Release|Any CPU
		{072A5544-1FCE-4DBC-BCB5-D3AB55B6F6A2}.Release|Any CPU.Build.0 = Release|Any CPU
	EndGlobalSection
	GlobalSection(SolutionProperties) = preSolution
		HideSolutionNode = FALSE
	EndGlobalSection
	GlobalSection(NestedProjects) = preSolution
		{2F61AC83-2FD1-4E1A-A3C5-3CDF0595818B} = {B9B6041B-FC49-4DBB-A265-1876CD5990BD}
		{B9B6041B-FC49-4DBB-A265-1876CD5990BD} = {02EA681E-C7D8-13C7-8484-4AC65E1B71E8}
		{8FBBB073-A0B7-4DF4-AF3D-66CD7DBC8200} = {02EA681E-C7D8-13C7-8484-4AC65E1B71E8}
		{96CEA872-2148-40AC-928E-D44BA9746236} = {8FBBB073-A0B7-4DF4-AF3D-66CD7DBC8200}
		{CF5A1D5C-593E-4C80-80AB-4FB76551AD5D} = {F09623BF-96FD-4D75-BFD1-24AC82A94FB4}
		{47B70DAF-C5DF-4881-955E-CE5211BCFC65} = {F09623BF-96FD-4D75-BFD1-24AC82A94FB4}
		{9A207C76-050E-4FC8-B45E-52F389FAE296} = {B9B6041B-FC49-4DBB-A265-1876CD5990BD}
		{F09623BF-96FD-4D75-BFD1-24AC82A94FB4} = {B9B6041B-FC49-4DBB-A265-1876CD5990BD}
		{3C214944-FBB5-4888-B693-DC531C0DB9FB} = {02EA681E-C7D8-13C7-8484-4AC65E1B71E8}
		{80AD1F62-F474-49C9-A7B0-CF081DFE0D43} = {3C214944-FBB5-4888-B693-DC531C0DB9FB}
		{27BDC01A-0219-4D01-88F4-D4CB7A875B66} = {3C214944-FBB5-4888-B693-DC531C0DB9FB}
		{494F0A5A-A302-48EE-B6B0-0C7969838B91} = {3C214944-FBB5-4888-B693-DC531C0DB9FB}
		{A4458FCC-A0E3-44A6-8260-72329CD891C2} = {3C214944-FBB5-4888-B693-DC531C0DB9FB}
		{9821C5AB-8CDE-4E91-8BCE-68E92704FD4C} = {02EA681E-C7D8-13C7-8484-4AC65E1B71E8}
		{AF850368-67EE-472E-B2F0-CB99C0FE8095} = {9821C5AB-8CDE-4E91-8BCE-68E92704FD4C}
		{1206730A-D24D-412E-A5BC-627F8493B2D6} = {02EA681E-C7D8-13C7-8484-4AC65E1B71E8}
		{533E9901-93EA-4583-B599-1919BB9DE471} = {8FBBB073-A0B7-4DF4-AF3D-66CD7DBC8200}
		{423C6C43-C341-4BD9-ACDE-E36421266A53} = {533E9901-93EA-4583-B599-1919BB9DE471}
		{19B9C665-FBE8-4A65-B59C-55216CEFC882} = {533E9901-93EA-4583-B599-1919BB9DE471}
		{8C4FF015-8F2D-4F92-A4F2-33920AE3B850} = {8FBBB073-A0B7-4DF4-AF3D-66CD7DBC8200}
		{552C5B35-B196-40CA-986F-E8CD856A0D75} = {1206730A-D24D-412E-A5BC-627F8493B2D6}
		{CF51D1C7-D69A-465C-A094-733985B0FD82} = {02EA681E-C7D8-13C7-8484-4AC65E1B71E8}
		{D5618BD0-CEDE-46AC-9B76-C7E515E63A18} = {CF51D1C7-D69A-465C-A094-733985B0FD82}
		{D65D52DE-7AF7-4D2D-829F-DA4CF96D5896} = {02EA681E-C7D8-13C7-8484-4AC65E1B71E8}
		{1A08D5D0-7478-4E15-8B45-7892193CE75B} = {02EA681E-C7D8-13C7-8484-4AC65E1B71E8}
		{362945F5-778B-452E-98D9-6AE611081F74} = {D65D52DE-7AF7-4D2D-829F-DA4CF96D5896}
		{5934F713-6EE0-4033-9C1E-4980162F24CA} = {D65D52DE-7AF7-4D2D-829F-DA4CF96D5896}
		{072A5544-1FCE-4DBC-BCB5-D3AB55B6F6A2} = {D65D52DE-7AF7-4D2D-829F-DA4CF96D5896}
	EndGlobalSection
	GlobalSection(ExtensibilityGlobals) = postSolution
		SolutionGuid = {05471A8C-DD64-41E8-86B2-1BC8E358A607}
	EndGlobalSection
EndGlobal
